{
  "version": 4,
  "terraform_version": "1.6.2",
  "serial": 10,
  "lineage": "628f2f2a-b5c8-e65c-a9f6-6bdb8730fbd0",
  "outputs": {},
  "resources": [
    {
      "mode": "managed",
      "type": "docker_image",
      "name": "nginx",
      "provider": "provider[\"registry.terraform.io/kreuzwerker/docker\"]",
      "instances": [
        {
          "schema_version": 0,
          "attributes": {
            "build": [],
            "force_remove": null,
            "id": "sha256:77656422f7009bf47cd4992cb1a118af09c25bb157336478bdbf399af09e8e41nginx:alpine",
            "image_id": "sha256:77656422f7009bf47cd4992cb1a118af09c25bb157336478bdbf399af09e8e41",
            "keep_locally": null,
            "name": "nginx:alpine",
            "platform": null,
            "pull_triggers": null,
            "repo_digest": "nginx@sha256:b2e814d28359e77bd0aa5fed1939620075e4ffa0eb20423cc557b375bd5c14ad",
            "timeouts": null,
            "triggers": null
          },
          "sensitive_attributes": [],
          "private": "eyJlMmJmYjczMC1lY2FhLTExZTYtOGY4OC0zNDM2M2JjN2M0YzAiOnsiY3JlYXRlIjoxMjAwMDAwMDAwMDAwLCJkZWxldGUiOjEyMDAwMDAwMDAwMDAsInVwZGF0ZSI6MTIwMDAwMDAwMDAwMH19"
        }
      ]
    }
  ],
  "check_results": null
}
